
Microsoft Visual Studio Solution File, Format Version 12.00
# Visual Studio Version 16
VisualStudioVersion = 16.0.32126.315
MinimumVisualStudioVersion = 10.0.40219.1
Project("{9A19103F-16F7-4668-BE54-9A1E7A4F7556}") = "Entities", "Entities\Entities.csproj", "{991F97E7-8AAA-4307-B70C-69C9CFBC1809}"
EndProject
Project("{9A19103F-16F7-4668-BE54-9A1E7A4F7556}") = "DataAccess", "DataAccess\DataAccess.csproj", "{75EDCC40-4C61-4F78-A638-0B42333AE2FF}"
EndProject
Project("{9A19103F-16F7-4668-BE54-9A1E7A4F7556}") = "Core", "Core\Core.csproj", "{F914617B-843F-461A-B253-AF4FB3A8AF5B}"
EndProject
Project("{9A19103F-16F7-4668-BE54-9A1E7A4F7556}") = "Business", "Business\Business.csproj", "{048B4BE0-CE83-4A22-82DE-BE16ABED6E17}"
EndProject
Project("{FAE04EC0-301F-11D3-BF4B-00C04F79EFBC}") = "WebAPI", "WebAPI\WebAPI.csproj", "{275353D1-F997-4072-9478-A05BA41A0416}"
EndProject
Global
	GlobalSection(SolutionConfigurationPlatforms) = preSolution
		Debug|Any CPU = Debug|Any CPU
		Release|Any CPU = Release|Any CPU
	EndGlobalSection
	GlobalSection(ProjectConfigurationPlatforms) = postSolution
		{991F97E7-8AAA-4307-B70C-69C9CFBC1809}.Debug|Any CPU.ActiveCfg = Debug|Any CPU
		{991F97E7-8AAA-4307-B70C-69C9CFBC1809}.Debug|Any CPU.Build.0 = Debug|Any CPU
		{991F97E7-8AAA-4307-B70C-69C9CFBC1809}.Release|Any CPU.ActiveCfg = Release|Any CPU
		{991F97E7-8AAA-4307-B70C-69C9CFBC1809}.Release|Any CPU.Build.0 = Release|Any CPU
		{75EDCC40-4C61-4F78-A638-0B42333AE2FF}.Debug|Any CPU.ActiveCfg = Debug|Any CPU
		{75EDCC40-4C61-4F78-A638-0B42333AE2FF}.Debug|Any CPU.Build.0 = Debug|Any CPU
		{75EDCC40-4C61-4F78-A638-0B42333AE2FF}.Release|Any CPU.ActiveCfg = Release|Any CPU
		{75EDCC40-4C61-4F78-A638-0B42333AE2FF}.Release|Any CPU.Build.0 = Release|Any CPU
		{F914617B-843F-461A-B253-AF4FB3A8AF5B}.Debug|Any CPU.ActiveCfg = Debug|Any CPU
		{F914617B-843F-461A-B253-AF4FB3A8AF5B}.Debug|Any CPU.Build.0 = Debug|Any CPU
		{F914617B-843F-461A-B253-AF4FB3A8AF5B}.Release|Any CPU.ActiveCfg = Release|Any CPU
		{F914617B-843F-461A-B253-AF4FB3A8AF5B}.Release|Any CPU.Build.0 = Release|Any CPU
		{048B4BE0-CE83-4A22-82DE-BE16ABED6E17}.Debug|Any CPU.ActiveCfg = Debug|Any CPU
		{048B4BE0-CE83-4A22-82DE-BE16ABED6E17}.Debug|Any CPU.Build.0 = Debug|Any CPU
		{048B4BE0-CE83-4A22-82DE-BE16ABED6E17}.Release|Any CPU.ActiveCfg = Release|Any CPU
		{048B4BE0-CE83-4A22-82DE-BE16ABED6E17}.Release|Any CPU.Build.0 = Release|Any CPU
		{275353D1-F997-4072-9478-A05BA41A0416}.Debug|Any CPU.ActiveCfg = Debug|Any CPU
		{275353D1-F997-4072-9478-A05BA41A0416}.Debug|Any CPU.Build.0 = Debug|Any CPU
		{275353D1-F997-4072-9478-A05BA41A0416}.Release|Any CPU.ActiveCfg = Release|Any CPU
		{275353D1-F997-4072-9478-A05BA41A0416}.Release|Any CPU.Build.0 = Release|Any CPU
	EndGlobalSection
	GlobalSection(SolutionProperties) = preSolution
		HideSolutionNode = FALSE
	EndGlobalSection
	GlobalSection(ExtensibilityGlobals) = postSolution
		SolutionGuid = {03AC1A1D-C606-43FD-BDAF-8B838E9C3628}
	EndGlobalSection
EndGlobal
